{
  "name": "my-nodejs-app",
  "version": "1.0.0",
  "lockfileVersion": 1,
  "dependencies": {
    "express": {
      "version": "4.17.1",
      "resolved": "https://registry.npmjs.org/express/-/express-4.17.1.tgz",
      "integrity": "sha512-j12Uuyb4FMrd/qQAm6uCHAkPtO8FDTRJZBDd5D2KOL2eLaz1yUNdUB/NOIyq0iU4q4cFarsUCrnFDPBcnksuOg==",
      "dev": false,
      "requires": {
        "accepts": "~1.3.7",
        "array-flatten": "1.1.1",
        // More dependencies...
      }
    },
    "body-parser": {
      "version": "1.19.0",
      "resolved": "https://registry.npmjs.org/body-parser/-/body-parser-1.19.0.tgz",
      "integrity": "sha512-dhEPs72UPbDnAQJ9ZKMNTP6ptJaionhPb8m2vi9ENazQr4RcfqAcgGV7DKUq/ztJekno8KuJMGQ4WqlM5c+4w==",
      "dev": false,
      "requires": {
        "bytes": "3.1.0",
        "content-type": "~1.0.4",
        // More dependencies...
      }
    },
    // More dependencies...
  }
}

